
Microsoft Visual Studio Solution File, Format Version 12.00
# Visual Studio 14
VisualStudioVersion = 14.0.25420.1
MinimumVisualStudioVersion = 10.0.40219.1
Project("{FAE04EC0-301F-11D3-BF4B-00C04F79EFBC}") = "TwitterSentiment.Web", "TwitterSentiment.Web\TwitterSentiment.Web.csproj", "{CD7C46C0-D154-4332-AD3C-9E337B85D1BD}"
EndProject
Project("{FAE04EC0-301F-11D3-BF4B-00C04F79EFBC}") = "TwitterSentiment.Tests", "TwitterSentiment.Tests\TwitterSentiment.Tests.csproj", "{BA457934-19BC-42B3-80D8-7AF121A52C14}"
EndProject
Project("{FAE04EC0-301F-11D3-BF4B-00C04F79EFBC}") = "TwitterSentiment.NLP", "TwitterSentiment.NLP\TwitterSentiment.NLP.csproj", "{BE5ADD75-BD43-47B5-A2B5-F82EB2B767B7}"
EndProject
Project("{FAE04EC0-301F-11D3-BF4B-00C04F79EFBC}") = "TwitterSentiment.JobRunner", "TwitterSentiment.JobRunner\TwitterSentiment.JobRunner.csproj", "{B23FAD83-FAD8-41E5-BFAE-EC9CBF59BD6A}"
EndProject
Global
	GlobalSection(SolutionConfigurationPlatforms) = preSolution
		Debug|Any CPU = Debug|Any CPU
		Release|Any CPU = Release|Any CPU
	EndGlobalSection
	GlobalSection(ProjectConfigurationPlatforms) = postSolution
		{CD7C46C0-D154-4332-AD3C-9E337B85D1BD}.Debug|Any CPU.ActiveCfg = Debug|Any CPU
		{CD7C46C0-D154-4332-AD3C-9E337B85D1BD}.Debug|Any CPU.Build.0 = Debug|Any CPU
		{CD7C46C0-D154-4332-AD3C-9E337B85D1BD}.Release|Any CPU.ActiveCfg = Release|Any CPU
		{CD7C46C0-D154-4332-AD3C-9E337B85D1BD}.Release|Any CPU.Build.0 = Release|Any CPU
		{BA457934-19BC-42B3-80D8-7AF121A52C14}.Debug|Any CPU.ActiveCfg = Debug|Any CPU
		{BA457934-19BC-42B3-80D8-7AF121A52C14}.Debug|Any CPU.Build.0 = Debug|Any CPU
		{BA457934-19BC-42B3-80D8-7AF121A52C14}.Release|Any CPU.ActiveCfg = Release|Any CPU
		{BA457934-19BC-42B3-80D8-7AF121A52C14}.Release|Any CPU.Build.0 = Release|Any CPU
		{BE5ADD75-BD43-47B5-A2B5-F82EB2B767B7}.Debug|Any CPU.ActiveCfg = Debug|Any CPU
		{BE5ADD75-BD43-47B5-A2B5-F82EB2B767B7}.Debug|Any CPU.Build.0 = Debug|Any CPU
		{BE5ADD75-BD43-47B5-A2B5-F82EB2B767B7}.Release|Any CPU.ActiveCfg = Release|Any CPU
		{BE5ADD75-BD43-47B5-A2B5-F82EB2B767B7}.Release|Any CPU.Build.0 = Release|Any CPU
		{B23FAD83-FAD8-41E5-BFAE-EC9CBF59BD6A}.Debug|Any CPU.ActiveCfg = Debug|Any CPU
		{B23FAD83-FAD8-41E5-BFAE-EC9CBF59BD6A}.Debug|Any CPU.Build.0 = Debug|Any CPU
		{B23FAD83-FAD8-41E5-BFAE-EC9CBF59BD6A}.Release|Any CPU.ActiveCfg = Release|Any CPU
		{B23FAD83-FAD8-41E5-BFAE-EC9CBF59BD6A}.Release|Any CPU.Build.0 = Release|Any CPU
	EndGlobalSection
	GlobalSection(SolutionProperties) = preSolution
		HideSolutionNode = FALSE
	EndGlobalSection
	GlobalSection(TeamFoundationVersionControl) = preSolution
		SccNumberOfProjects = 5
		SccEnterpriseProvider = {4CA58AB2-18FA-4F8D-95D4-32DDF27D184C}
		SccTeamFoundationServer = https://e13development.visualstudio.com/
		SccLocalPath0 = .
		SccProjectUniqueName1 = TwitterSentiment.Tests\\TwitterSentiment.Tests.csproj
		SccProjectName1 = TwitterSentiment.Tests
		SccLocalPath1 = TwitterSentiment.Tests
		SccProjectUniqueName2 = TwitterSentiment.Web\\TwitterSentiment.Web.csproj
		SccProjectName2 = TwitterSentiment.Web
		SccLocalPath2 = TwitterSentiment.Web
		SccProjectUniqueName3 = TwitterSentiment.NLP\\TwitterSentiment.NLP.csproj
		SccProjectName3 = TwitterSentiment.NLP
		SccLocalPath3 = TwitterSentiment.NLP
		SccProjectUniqueName4 = TwitterSentiment.JobRunner\\TwitterSentiment.JobRunner.csproj
		SccProjectName4 = TwitterSentiment.JobRunner
		SccLocalPath4 = TwitterSentiment.JobRunner
	EndGlobalSection
EndGlobal
